Microsoft Visual Studio Solution File, Format Version 12.00
# Visual Studio Version 17
VisualStudioVersion = 17.5.2.0
MinimumVisualStudioVersion = 10.0.40219.1
Project("{FAE04EC0-301F-11D3-BF4B-00C04F79EFBC}") = "MyLevelQuest.API", "MyLevelQuest.API\MyLevelQuest.API.csproj", "{07439B53-950F-3A70-5326-5CBD07138A40}"
EndProject
Global
	GlobalSection(SolutionConfigurationPlatforms) = preSolution
		Debug|Any CPU = Debug|Any CPU
		Release|Any CPU = Release|Any CPU
	EndGlobalSection
	GlobalSection(ProjectConfigurationPlatforms) = postSolution
		{07439B53-950F-3A70-5326-5CBD07138A40}.Debug|Any CPU.ActiveCfg = Debug|Any CPU
		{07439B53-950F-3A70-5326-5CBD07138A40}.Debug|Any CPU.Build.0 = Debug|Any CPU
		{07439B53-950F-3A70-5326-5CBD07138A40}.Release|Any CPU.ActiveCfg = Release|Any CPU
		{07439B53-950F-3A70-5326-5CBD07138A40}.Release|Any CPU.Build.0 = Release|Any CPU
	EndGlobalSection
	GlobalSection(SolutionProperties) = preSolution
		HideSolutionNode = FALSE
	EndGlobalSection
	GlobalSection(ExtensibilityGlobals) = postSolution
		SolutionGuid = {EE947715-5AEA-4821-91B0-40033BB852FE}
	EndGlobalSection
EndGlobal
